
Microsoft Visual Studio Solution File, Format Version 12.00
# Visual Studio Version 17
VisualStudioVersion = 17.13.35818.85
MinimumVisualStudioVersion = 10.0.40219.1
Project("{FAE04EC0-301F-11D3-BF4B-00C04F79EFBC}") = "HotelBookingAPI", "HotelBookingAPI.csproj", "{14E377CF-814C-4852-9402-B957361D2CA7}"
EndProject
Project("{FAE04EC0-301F-11D3-BF4B-00C04F79EFBC}") = "Test", "..\Test\Test.csproj", "{890415E7-8799-4F93-9ABD-E80A790E4343}"
EndProject
Global
	GlobalSection(SolutionConfigurationPlatforms) = preSolution
		Debug|Any CPU = Debug|Any CPU
		Release|Any CPU = Release|Any CPU
	EndGlobalSection
	GlobalSection(ProjectConfigurationPlatforms) = postSolution
		{14E377CF-814C-4852-9402-B957361D2CA7}.Debug|Any CPU.ActiveCfg = Debug|Any CPU
		{14E377CF-814C-4852-9402-B957361D2CA7}.Debug|Any CPU.Build.0 = Debug|Any CPU
		{14E377CF-814C-4852-9402-B957361D2CA7}.Release|Any CPU.ActiveCfg = Release|Any CPU
		{14E377CF-814C-4852-9402-B957361D2CA7}.Release|Any CPU.Build.0 = Release|Any CPU
		{890415E7-8799-4F93-9ABD-E80A790E4343}.Debug|Any CPU.ActiveCfg = Debug|Any CPU
		{890415E7-8799-4F93-9ABD-E80A790E4343}.Debug|Any CPU.Build.0 = Debug|Any CPU
		{890415E7-8799-4F93-9ABD-E80A790E4343}.Release|Any CPU.ActiveCfg = Release|Any CPU
		{890415E7-8799-4F93-9ABD-E80A790E4343}.Release|Any CPU.Build.0 = Release|Any CPU
	EndGlobalSection
	GlobalSection(SolutionProperties) = preSolution
		HideSolutionNode = FALSE
	EndGlobalSection
	GlobalSection(ExtensibilityGlobals) = postSolution
		SolutionGuid = {459F95B8-13FD-483F-A884-964AA8D27C45}
	EndGlobalSection
EndGlobal
